[tools.actionlint]
version = "1.7.7"
backend = "aqua:rhysd/actionlint"

[tools.actionlint.checksums]
"actionlint_1.7.7_linux_amd64.tar.gz" = "sha256:023070a287cd8cccd71515fedc843f1985bf96c436b7effaecce67290e7e0757"

[tools.jq]
version = "1.7.1"
backend = "aqua:jqlang/jq"

[tools.pre-commit]
version = "4.1.0"
backend = "aqua:pre-commit/pre-commit"

[tools.ruff]
version = "0.9.10"
backend = "aqua:astral-sh/ruff"

[tools.uv]
version = "0.6.5"
backend = "aqua:astral-sh/uv"
