# generated by rye
# use `rye lock` or `rye sync` to update this lockfile
#
# last locked with the following flags:
#   pre: false
#   features: []
#   all-features: false
#   with-sources: false
#   generate-hashes: false
#   universal: false

-e file:.
annotated-types==0.7.0
    # via pydantic
gitdb==4.0.12
    # via gitpython
gitpython==3.1.44
    # via giga-crawler
pydantic==2.10.6
    # via giga-crawler
pydantic-core==2.27.2
    # via pydantic
smmap==5.0.2
    # via gitdb
typing-extensions==4.12.2
    # via pydantic
    # via pydantic-core
