# generated by rye
# use `rye lock` or `rye sync` to update this lockfile
#
# last locked with the following flags:
#   pre: false
#   features: []
#   all-features: true
#   with-sources: false
#   generate-hashes: false

-e file:.
annotated-types==0.7.0
    # via pydantic
attrs==23.2.0
    # via tecton
aws-secretsmanager-caching==1.1.3
    # via tecton-gen-ai
boto3==1.34.144
    # via tecton
botocore==1.34.144
    # via aws-secretsmanager-caching
    # via boto3
    # via s3transfer
certifi==2024.7.4
    # via requests
charset-normalizer==3.3.2
    # via requests
click==8.1.7
    # via tecton
colorama==0.4.6
    # via tecton
googleapis-common-protos==1.63.2
    # via tecton
idna==3.7
    # via requests
iniconfig==2.0.0
    # via pytest
jinja2==3.1.4
    # via tecton
jmespath==1.0.1
    # via boto3
    # via botocore
markupsafe==2.1.5
    # via jinja2
numpy==1.26.4
    # via pandas
    # via pyarrow
    # via tecton
packaging==24.1
    # via pytest
pandas==2.2.2
    # via tecton
pathspec==0.12.1
    # via tecton
pendulum==2.1.2
    # via tecton
pex==2.10.1
    # via tecton
pip==24.1.2
    # via tecton
pluggy==1.5.0
    # via pytest
protobuf==5.27.2
    # via googleapis-common-protos
    # via tecton
py4j==0.10.9.7
    # via pyspark
pyarrow==16.1.0
    # via tecton
pydantic==2.8.2
    # via tecton
pydantic-core==2.20.1
    # via pydantic
pygments==2.18.0
    # via tecton
pypika==0.48.9
    # via tecton
pyspark==3.5.1
    # via tecton-gen-ai
pytest==8.2.2
    # via tecton
python-dateutil==2.9.0.post0
    # via botocore
    # via pandas
    # via pendulum
pytimeparse==1.1.8
    # via tecton
pytz==2024.1
    # via pandas
pytzdata==2020.1
    # via pendulum
pyyaml==6.0.1
    # via tecton
requests==2.32.3
    # via tecton
s3transfer==0.10.2
    # via boto3
semantic-version==2.10.0
    # via tecton
setuptools==70.3.0
    # via tecton
six==1.16.0
    # via python-dateutil
sqlparse==0.5.1
    # via tecton
tecton==0.9.13
    # via tecton-gen-ai
termcolor==2.4.0
    # via yaspin
texttable==1.7.0
    # via tecton
tqdm==4.66.4
    # via tecton
typeguard==2.13.3
    # via tecton
typing-extensions==4.12.2
    # via pydantic
    # via pydantic-core
    # via tecton
tzdata==2024.1
    # via pandas
urllib3==2.2.2
    # via botocore
    # via requests
yaspin==2.5.0
    # via tecton
