version = 1
requires-python = ">=3.13"

[[package]]
name = "evdev"
version = "1.9.1"
source = { registry = "https://pypi.org/simple" }
sdist = { url = "https://files.pythonhosted.org/packages/d1/99/4d24bb6db12fc170a5f209f4c9108054a2c84d289d1e7f743e979b202023/evdev-1.9.1.tar.gz", hash = "sha256:dc640a064cb1c9fe1f8b970dc2039945a2a275d7b7ee62284bf427238abe45ee", size = 33349 }

[[package]]
name = "playsound"
version = "1.3.0"
source = { registry = "https://pypi.org/simple" }
sdist = { url = "https://files.pythonhosted.org/packages/67/8c/c9f46b4b194126c4abb12e96321a6bea5c8dcc5c0e4d97622c14dfabe299/playsound-1.3.0.tar.gz", hash = "sha256:cc6ed11d773034b0ef624e6bb4bf50f4b76b8414a59ce6d38afb89b423297ced", size = 7650 }

[[package]]
name = "progress-watchdog"
version = "0.1.4"
source = { editable = "." }
dependencies = [
    { name = "playsound" },
    { name = "pynput" },
]

[package.metadata]
requires-dist = [
    { name = "playsound", specifier = ">=1.3.0" },
    { name = "pynput", specifier = ">=1.8.0" },
]

[[package]]
name = "pynput"
version = "1.8.0"
source = { registry = "https://pypi.org/simple" }
dependencies = [
    { name = "evdev", marker = "'linux' in sys_platform" },
    { name = "pyobjc-framework-applicationservices", marker = "sys_platform == 'darwin'" },
    { name = "pyobjc-framework-quartz", marker = "sys_platform == 'darwin'" },
    { name = "python-xlib", marker = "'linux' in sys_platform" },
    { name = "six" },
]
wheels = [
    { url = "https://files.pythonhosted.org/packages/be/ff/19ecf48d2a950c649b1e433fa07236fede92bb5832b6e2b913c267ba41b2/pynput-1.8.0-py2.py3-none-any.whl", hash = "sha256:dc660dc93cb03cf58141e54ed575667032841846801f3dc3c4c719d4209c7e5c", size = 91577 },
]

[[package]]
name = "pyobjc-core"
version = "11.0"
source = { registry = "https://pypi.org/simple" }
sdist = { url = "https://files.pythonhosted.org/packages/5c/94/a111239b98260869780a5767e5d74bfd3a8c13a40457f479c28dcd91f89d/pyobjc_core-11.0.tar.gz", hash = "sha256:63bced211cb8a8fb5c8ff46473603da30e51112861bd02c438fbbbc8578d9a70", size = 994931 }
wheels = [
    { url = "https://files.pythonhosted.org/packages/72/16/0c468e73dbecb821e3da8819236fe832dfc53eb5f66a11775b055a7589ea/pyobjc_core-11.0-cp313-cp313-macosx_10_13_universal2.whl", hash = "sha256:c338c1deb7ab2e9436d4175d1127da2eeed4a1b564b3d83b9f3ae4844ba97e86", size = 743900 },
    { url = "https://files.pythonhosted.org/packages/f3/88/cecec88fd51f62a6cd7775cc4fb6bfde16652f97df88d28c84fb77ca0c18/pyobjc_core-11.0-cp313-cp313t-macosx_10_13_universal2.whl", hash = "sha256:b4e9dc4296110f251a4033ff3f40320b35873ea7f876bd29a1c9705bb5e08c59", size = 791905 },
]

[[package]]
name = "pyobjc-framework-applicationservices"
version = "11.0"
source = { registry = "https://pypi.org/simple" }
dependencies = [
    { name = "pyobjc-core" },
    { name = "pyobjc-framework-cocoa" },
    { name = "pyobjc-framework-coretext" },
    { name = "pyobjc-framework-quartz" },
]
sdist = { url = "https://files.pythonhosted.org/packages/ba/fb/4e42573b0d3baa3fa18ec53614cf979f951313f1451e8f2e17df9429da1f/pyobjc_framework_applicationservices-11.0.tar.gz", hash = "sha256:d6ea18dfc7d5626a3ecf4ac72d510405c0d3a648ca38cae8db841acdebecf4d2", size = 224334 }
wheels = [
    { url = "https://files.pythonhosted.org/packages/82/47/ab4155ec966aff2f8f0f6978b40f12255e8ef46111ca0bda7987959b4052/pyobjc_framework_ApplicationServices-11.0-cp313-cp313-macosx_10_13_universal2.whl", hash = "sha256:59becf3cd87a4f4cedf4be02ff6cf46ed736f5c1123ce629f788aaafad91eff0", size = 30924 },
    { url = "https://files.pythonhosted.org/packages/a3/73/747aab95970e0b7b5d38c650028e5e034c0432d9451335ff790ca104f11a/pyobjc_framework_ApplicationServices-11.0-cp313-cp313t-macosx_10_13_universal2.whl", hash = "sha256:44b466e8745fb49e8ac20f29f2ffd7895b45e97aa63a844b2a80a97c3a34346f", size = 31279 },
]

[[package]]
name = "pyobjc-framework-cocoa"
version = "11.0"
source = { registry = "https://pypi.org/simple" }
dependencies = [
    { name = "pyobjc-core" },
]
sdist = { url = "https://files.pythonhosted.org/packages/c5/32/53809096ad5fc3e7a2c5ddea642590a5f2cb5b81d0ad6ea67fdb2263d9f9/pyobjc_framework_cocoa-11.0.tar.gz", hash = "sha256:00346a8cb81ad7b017b32ff7bf596000f9faa905807b1bd234644ebd47f692c5", size = 6173848 }
wheels = [
    { url = "https://files.pythonhosted.org/packages/1d/a5/609281a7e89efefbef9db1d8fe66bc0458c3b4e74e2227c644f9c18926fa/pyobjc_framework_Cocoa-11.0-cp313-cp313-macosx_10_13_universal2.whl", hash = "sha256:15b2bd977ed340074f930f1330f03d42912d5882b697d78bd06f8ebe263ef92e", size = 385889 },
    { url = "https://files.pythonhosted.org/packages/93/f6/2d5a863673ef7b85a3cba875c43e6c495fb1307427a6801001ae94bb5e54/pyobjc_framework_Cocoa-11.0-cp313-cp313t-macosx_10_13_universal2.whl", hash = "sha256:5750001db544e67f2b66f02067d8f0da96bb2ef71732bde104f01b8628f9d7ea", size = 389831 },
]

[[package]]
name = "pyobjc-framework-coretext"
version = "11.0"
source = { registry = "https://pypi.org/simple" }
dependencies = [
    { name = "pyobjc-core" },
    { name = "pyobjc-framework-cocoa" },
    { name = "pyobjc-framework-quartz" },
]
sdist = { url = "https://files.pythonhosted.org/packages/9d/e8/9b68dc788828e38143a3e834e66346713751cb83d7f0955016323005c1a2/pyobjc_framework_coretext-11.0.tar.gz", hash = "sha256:a68437153e627847e3898754dd3f13ae0cb852246b016a91f9c9cbccb9f91a43", size = 274222 }
wheels = [
    { url = "https://files.pythonhosted.org/packages/94/f0/53b681481e9429e8f9ac2c039da6a820d7417ca92f763f01d629db36c530/pyobjc_framework_CoreText-11.0-cp313-cp313-macosx_10_13_universal2.whl", hash = "sha256:7947f755782456bd663e0b00c7905eeffd10f839f0bf2af031f68ded6a1ea360", size = 30453 },
    { url = "https://files.pythonhosted.org/packages/2a/3f/a6d09952e83d70be6d337a5f1d457018459a57a110a91c3e771a2f2a7de0/pyobjc_framework_CoreText-11.0-cp313-cp313t-macosx_10_13_universal2.whl", hash = "sha256:5356116bae33ec49f1f212c301378a7d08000440a2d6a7281aab351945528ab9", size = 31092 },
]

[[package]]
name = "pyobjc-framework-quartz"
version = "11.0"
source = { registry = "https://pypi.org/simple" }
dependencies = [
    { name = "pyobjc-core" },
    { name = "pyobjc-framework-cocoa" },
]
sdist = { url = "https://files.pythonhosted.org/packages/a5/ad/f00f3f53387c23bbf4e0bb1410e11978cbf87c82fa6baff0ee86f74c5fb6/pyobjc_framework_quartz-11.0.tar.gz", hash = "sha256:3205bf7795fb9ae34747f701486b3db6dfac71924894d1f372977c4d70c3c619", size = 3952463 }
wheels = [
    { url = "https://files.pythonhosted.org/packages/a6/9e/54c48fe8faab06ee5eb80796c8c17ec61fc313d84398540ee70abeaf7070/pyobjc_framework_Quartz-11.0-cp313-cp313-macosx_10_13_universal2.whl", hash = "sha256:973b4f9b8ab844574461a038bd5269f425a7368d6e677e3cc81fcc9b27b65498", size = 212478 },
    { url = "https://files.pythonhosted.org/packages/4a/28/456b54a59bfe11a91b7b4e94f8ffdcf174ffd1efa169f4283e5b3bc10194/pyobjc_framework_Quartz-11.0-cp313-cp313t-macosx_10_13_universal2.whl", hash = "sha256:66ab58d65348863b8707e63b2ec5cdc54569ee8189d1af90d52f29f5fdf6272c", size = 217973 },
]

[[package]]
name = "python-xlib"
version = "0.33"
source = { registry = "https://pypi.org/simple" }
dependencies = [
    { name = "six" },
]
sdist = { url = "https://files.pythonhosted.org/packages/86/f5/8c0653e5bb54e0cbdfe27bf32d41f27bc4e12faa8742778c17f2a71be2c0/python-xlib-0.33.tar.gz", hash = "sha256:55af7906a2c75ce6cb280a584776080602444f75815a7aff4d287bb2d7018b32", size = 269068 }
wheels = [
    { url = "https://files.pythonhosted.org/packages/fc/b8/ff33610932e0ee81ae7f1269c890f697d56ff74b9f5b2ee5d9b7fa2c5355/python_xlib-0.33-py2.py3-none-any.whl", hash = "sha256:c3534038d42e0df2f1392a1b30a15a4ff5fdc2b86cfa94f072bf11b10a164398", size = 182185 },
]

[[package]]
name = "six"
version = "1.17.0"
source = { registry = "https://pypi.org/simple" }
sdist = { url = "https://files.pythonhosted.org/packages/94/e7/b2c673351809dca68a0e064b6af791aa332cf192da575fd474ed7d6f16a2/six-1.17.0.tar.gz", hash = "sha256:ff70335d468e7eb6ec65b95b99d3a2836546063f63acc5171de367e834932a81", size = 34031 }
wheels = [
    { url = "https://files.pythonhosted.org/packages/b7/ce/149a00dd41f10bc29e5921b496af8b574d8413afcd5e30dfa0ed46c2cc5e/six-1.17.0-py2.py3-none-any.whl", hash = "sha256:4721f391ed90541fddacab5acf947aa0d3dc7d27b2e1e8eda2be8970586c3274", size = 11050 },
]
