version = 1
revision = 1
requires-python = ">=3.12"
resolution-markers = [
    "python_full_version >= '3.13'",
    "python_full_version < '3.13'",
]

[[package]]
name = "absl-py"
version = "1.4.0"
source = { registry = "https://pypi.org/simple" }
sdist = { url = "https://files.pythonhosted.org/packages/79/c9/45ecff8055b0ce2ad2bfbf1f438b5b8605873704d50610eda05771b865a0/absl-py-1.4.0.tar.gz", hash = "sha256:d2c244d01048ba476e7c080bd2c6df5e141d211de80223460d5b3b8a2a58433d", size = 112028 }
wheels = [
    { url = "https://files.pythonhosted.org/packages/dd/87/de5c32fa1b1c6c3305d576e299801d8655c175ca9557019906247b994331/absl_py-1.4.0-py3-none-any.whl", hash = "sha256:0d3fe606adfa4f7db64792dd4c7aee4ee0c38ab75dfd353b7a83ed3e957fcb47", size = 126549 },
]

[[package]]
name = "attrs"
version = "25.3.0"
source = { registry = "https://pypi.org/simple" }
sdist = { url = "https://files.pythonhosted.org/packages/5a/b0/1367933a8532ee6ff8d63537de4f1177af4bff9f3e829baf7331f595bb24/attrs-25.3.0.tar.gz", hash = "sha256:75d7cefc7fb576747b2c81b4442d4d4a1ce0900973527c011d1030fd3bf4af1b", size = 812032 }
wheels = [
    { url = "https://files.pythonhosted.org/packages/77/06/bb80f5f86020c4551da315d78b3ab75e8228f89f0162f2c3a819e407941a/attrs-25.3.0-py3-none-any.whl", hash = "sha256:427318ce031701fea540783410126f03899a97ffc6f61596ad581ac2e40e3bc3", size = 63815 },
]

[[package]]
name = "colorama"
version = "0.4.6"
source = { registry = "https://pypi.org/simple" }
sdist = { url = "https://files.pythonhosted.org/packages/d8/53/6f443c9a4a8358a93a6792e2acffb9d9d5cb0a5cfd8802644b7b1c9a02e4/colorama-0.4.6.tar.gz", hash = "sha256:08695f5cb7ed6e0531a20572697297273c47b8cae5a63ffc6d6ed5c201be6e44", size = 27697 }
wheels = [
    { url = "https://files.pythonhosted.org/packages/d1/d6/3965ed04c63042e047cb6a3e6ed1a63a35087b6a609aa3a15ed8ac56c221/colorama-0.4.6-py2.py3-none-any.whl", hash = "sha256:4f1d9991f5acc0ca119f9d443620b77f9d6b33703e51011c16baf57afb285fc6", size = 25335 },
]

[[package]]
name = "dm-tree"
version = "0.1.8"
source = { registry = "https://pypi.org/simple" }
resolution-markers = [
    "python_full_version >= '3.13'",
]
sdist = { url = "https://files.pythonhosted.org/packages/f8/6d/f1997aac42e0f550c1e952a0b920eaa0bfc4d27d0421499881b934b969fc/dm-tree-0.1.8.tar.gz", hash = "sha256:0fcaabbb14e7980377439e7140bd05552739ca5e515ecb3119f234acee4b9430", size = 35384 }
wheels = [
    { url = "https://files.pythonhosted.org/packages/72/2c/e33dfc96f974ae3cba82c9836371c93fcb4d59d5a82ebb853861618a0b0b/dm_tree-0.1.8-cp312-cp312-macosx_10_9_universal2.whl", hash = "sha256:ea9e59e0451e7d29aece402d9f908f2e2a80922bcde2ebfd5dcb07750fcbfee8", size = 169495 },
    { url = "https://files.pythonhosted.org/packages/17/af/4030827253a5d50eb8da6f7189bc33d3c850c4109cf3414910e9af677cb7/dm_tree-0.1.8-cp312-cp312-macosx_10_9_x86_64.whl", hash = "sha256:94d3f0826311f45ee19b75f5b48c99466e4218a0489e81c0f0167bda50cacf22", size = 116525 },
    { url = "https://files.pythonhosted.org/packages/10/10/5f9eed00b1186921e447960443f03cda6374cba8cd5cf7aff2b42ecb8a0e/dm_tree-0.1.8-cp312-cp312-macosx_11_0_arm64.whl", hash = "sha256:435227cf3c5dc63f4de054cf3d00183790bd9ead4c3623138c74dde7f67f521b", size = 111436 },
    { url = "https://files.pythonhosted.org/packages/4a/da/3d3d04f7a572f7649f48edc9402ff5836e2f90e18445ffde110fd6142889/dm_tree-0.1.8-cp312-cp312-manylinux_2_17_aarch64.manylinux2014_aarch64.whl", hash = "sha256:09964470f76a5201aff2e8f9b26842976de7889300676f927930f6285e256760", size = 146828 },
    { url = "https://files.pythonhosted.org/packages/c4/12/0a8c2152655ca39c1059c762ea1dc12784166c735126eb0ab929c518ef4e/dm_tree-0.1.8-cp312-cp312-manylinux_2_17_i686.manylinux2014_i686.whl", hash = "sha256:75c5d528bb992981c20793b6b453e91560784215dffb8a5440ba999753c14ceb", size = 175054 },
    { url = "https://files.pythonhosted.org/packages/c9/d4/8cbb857612ca69763ee4f4f97c7b91659df1d373d62237cb9c772e55ae97/dm_tree-0.1.8-cp312-cp312-manylinux_2_17_x86_64.manylinux2014_x86_64.whl", hash = "sha256:c0a94aba18a35457a1b5cd716fd7b46c5dafdc4cf7869b4bae665b91c4682a8e", size = 152834 },
    { url = "https://files.pythonhosted.org/packages/ad/e3/96f5267fe5a47c882dce7f3d06b26ddd756681fc4fbedd55d51b78b08bca/dm_tree-0.1.8-cp312-cp312-win_amd64.whl", hash = "sha256:96a548a406a6fb15fe58f6a30a57ff2f2aafbf25f05afab00c8f5e5977b6c715", size = 101754 },
]

[[package]]
name = "dm-tree"
version = "0.1.9"
source = { registry = "https://pypi.org/simple" }
resolution-markers = [
    "python_full_version < '3.13'",
]
dependencies = [
    { name = "absl-py", marker = "python_full_version < '3.13'" },
    { name = "attrs", marker = "python_full_version < '3.13'" },
    { name = "numpy", marker = "python_full_version < '3.13'" },
    { name = "wrapt", marker = "python_full_version < '3.13'" },
]
sdist = { url = "https://files.pythonhosted.org/packages/a6/83/ce29720ccf934c6cfa9b9c95ebbe96558386e66886626066632b5e44afed/dm_tree-0.1.9.tar.gz", hash = "sha256:a4c7db3d3935a5a2d5e4b383fc26c6b0cd6f78c6d4605d3e7b518800ecd5342b", size = 35623 }
wheels = [
    { url = "https://files.pythonhosted.org/packages/81/10/120cd40556407879c1069941bd8b0d1a75754128c1a5bf0e27dbcf2a49fc/dm_tree-0.1.9-cp312-cp312-manylinux_2_17_aarch64.manylinux2014_aarch64.whl", hash = "sha256:80c43417814b1181d3367b335460bfdd30b79ee187a64220e11f6ddd093a4b15", size = 147204 },
    { url = "https://files.pythonhosted.org/packages/86/52/27607a275c12858b979b8e943d2bd3bd0f9028503bb7079d5830a8b3cac0/dm_tree-0.1.9-cp312-cp312-manylinux_2_17_x86_64.manylinux2014_x86_64.whl", hash = "sha256:2334cfe9d2ed4293f9f1c7aefba0657deaab9ea74b5fadd966f6d01d9b6b42d9", size = 153013 },
    { url = "https://files.pythonhosted.org/packages/ea/97/4f78412f73a9350bc8f934441bae5b68b102c8f4240a7f06b4114b51d6de/dm_tree-0.1.9-cp312-cp312-win_amd64.whl", hash = "sha256:9020a5ce256fcc83aa4bc190cc96dd66e87685db0a6e501b0c06aa492c2e38fc", size = 102022 },
    { url = "https://files.pythonhosted.org/packages/37/6a/512abdf7f20acc6cd6fce77f7663014d129aa313b5953aa2603d58fdb0c9/dm_tree-0.1.9-cp313-cp313-manylinux_2_17_aarch64.manylinux2014_aarch64.whl", hash = "sha256:d05622d074353cf434049206e53c12147903a048c4bd7d77f2800d427413ad78", size = 147210 },
    { url = "https://files.pythonhosted.org/packages/e5/0a/f4d72ffb64ab3edc1fa66261f81ee3b4142ab14cd8aa1dfc7bbeca5ee4ba/dm_tree-0.1.9-cp313-cp313-manylinux_2_17_x86_64.manylinux2014_x86_64.whl", hash = "sha256:f68b0efad76703dd4648586c75618a48cdd671b68c3266fe980e323c15423607", size = 153043 },
    { url = "https://files.pythonhosted.org/packages/0d/ee/529ce999770b4d621a64af86c60cfee52f0cdd7294752105179ebf1c07c6/dm_tree-0.1.9-cp313-cp313-win_amd64.whl", hash = "sha256:e97c34fcb44941c36b7ee81dcdbceba0fbe728bddcc77e5837ab2eb665bcbff8", size = 102043 },
    { url = "https://files.pythonhosted.org/packages/84/1d/3cdbeeb3f6937a47a26cee502bffeccc2e55b97dfcce8a1d1135ea1b5b47/dm_tree-0.1.9-cp313-cp313t-manylinux_2_17_aarch64.manylinux2014_aarch64.whl", hash = "sha256:6893fcdc5cf1a4f459cfc383526d35d42e7c671ae565d7e429a2f2cb2cb93e89", size = 147282 },
    { url = "https://files.pythonhosted.org/packages/c5/37/15603079854394f16e3833a7b50696c1f3cbf30a2243a119f64f18a16f36/dm_tree-0.1.9-cp313-cp313t-manylinux_2_17_x86_64.manylinux2014_x86_64.whl", hash = "sha256:e1f5d1e96b3a7de22b25b13a5eb30f41f8cf9c02dd4479a24920de99e780903c", size = 153052 },
]

[[package]]
name = "dp-accounting"
version = "0.4.4"
source = { registry = "https://pypi.org/simple" }
dependencies = [
    { name = "absl-py" },
    { name = "attrs" },
    { name = "dm-tree", version = "0.1.8", source = { registry = "https://pypi.org/simple" }, marker = "python_full_version >= '3.13'" },
    { name = "dm-tree", version = "0.1.9", source = { registry = "https://pypi.org/simple" }, marker = "python_full_version < '3.13'" },
    { name = "mpmath" },
    { name = "numpy" },
    { name = "scipy" },
]
sdist = { url = "https://files.pythonhosted.org/packages/f0/36/e2a4e2a939538675f108e3a8d329d52c7152208fbd389be239380e43481f/dp_accounting-0.4.4.tar.gz", hash = "sha256:7f632bd72628b029bd7acd8e61bdbbaccfb270144e09d84153e4154817009161", size = 101667 }
wheels = [
    { url = "https://files.pythonhosted.org/packages/d2/cc/63c51ca76a4eddd5b8fa444f5c7d0711f5f61594032cbd9598e0eab0d09c/dp_accounting-0.4.4-py3-none-any.whl", hash = "sha256:8421eb08655ea7ae9b3fb7e18b8da20a974873a869399439cf842a050b7e5567", size = 117175 },
]

[[package]]
name = "gdpnum"
version = "0.1.0"
source = { editable = "." }
dependencies = [
    { name = "dp-accounting" },
]

[package.dev-dependencies]
dev = [
    { name = "pytest" },
]

[package.metadata]
requires-dist = [{ name = "dp-accounting", specifier = ">=0.4.4" }]

[package.metadata.requires-dev]
dev = [{ name = "pytest", specifier = ">=8.3.5" }]

[[package]]
name = "iniconfig"
version = "2.0.0"
source = { registry = "https://pypi.org/simple" }
sdist = { url = "https://files.pythonhosted.org/packages/d7/4b/cbd8e699e64a6f16ca3a8220661b5f83792b3017d0f79807cb8708d33913/iniconfig-2.0.0.tar.gz", hash = "sha256:2d91e135bf72d31a410b17c16da610a82cb55f6b0477d1a902134b24a455b8b3", size = 4646 }
wheels = [
    { url = "https://files.pythonhosted.org/packages/ef/a6/62565a6e1cf69e10f5727360368e451d4b7f58beeac6173dc9db836a5b46/iniconfig-2.0.0-py3-none-any.whl", hash = "sha256:b6a85871a79d2e3b22d2d1b94ac2824226a63c6b741c88f7ae975f18b6778374", size = 5892 },
]

[[package]]
name = "mpmath"
version = "1.3.0"
source = { registry = "https://pypi.org/simple" }
sdist = { url = "https://files.pythonhosted.org/packages/e0/47/dd32fa426cc72114383ac549964eecb20ecfd886d1e5ccf5340b55b02f57/mpmath-1.3.0.tar.gz", hash = "sha256:7a28eb2a9774d00c7bc92411c19a89209d5da7c4c9a9e227be8330a23a25b91f", size = 508106 }
wheels = [
    { url = "https://files.pythonhosted.org/packages/43/e3/7d92a15f894aa0c9c4b49b8ee9ac9850d6e63b03c9c32c0367a13ae62209/mpmath-1.3.0-py3-none-any.whl", hash = "sha256:a0b2b9fe80bbcd81a6647ff13108738cfb482d481d826cc0e02f5b35e5c88d2c", size = 536198 },
]

[[package]]
name = "numpy"
version = "1.26.4"
source = { registry = "https://pypi.org/simple" }
sdist = { url = "https://files.pythonhosted.org/packages/65/6e/09db70a523a96d25e115e71cc56a6f9031e7b8cd166c1ac8438307c14058/numpy-1.26.4.tar.gz", hash = "sha256:2a02aba9ed12e4ac4eb3ea9421c420301a0c6460d9830d74a9df87efa4912010", size = 15786129 }
wheels = [
    { url = "https://files.pythonhosted.org/packages/95/12/8f2020a8e8b8383ac0177dc9570aad031a3beb12e38847f7129bacd96228/numpy-1.26.4-cp312-cp312-macosx_10_9_x86_64.whl", hash = "sha256:b3ce300f3644fb06443ee2222c2201dd3a89ea6040541412b8fa189341847218", size = 20335901 },
    { url = "https://files.pythonhosted.org/packages/75/5b/ca6c8bd14007e5ca171c7c03102d17b4f4e0ceb53957e8c44343a9546dcc/numpy-1.26.4-cp312-cp312-macosx_11_0_arm64.whl", hash = "sha256:03a8c78d01d9781b28a6989f6fa1bb2c4f2d51201cf99d3dd875df6fbd96b23b", size = 13685868 },
    { url = "https://files.pythonhosted.org/packages/79/f8/97f10e6755e2a7d027ca783f63044d5b1bc1ae7acb12afe6a9b4286eac17/numpy-1.26.4-cp312-cp312-manylinux_2_17_aarch64.manylinux2014_aarch64.whl", hash = "sha256:9fad7dcb1aac3c7f0584a5a8133e3a43eeb2fe127f47e3632d43d677c66c102b", size = 13925109 },
    { url = "https://files.pythonhosted.org/packages/0f/50/de23fde84e45f5c4fda2488c759b69990fd4512387a8632860f3ac9cd225/numpy-1.26.4-cp312-cp312-manylinux_2_17_x86_64.manylinux2014_x86_64.whl", hash = "sha256:675d61ffbfa78604709862923189bad94014bef562cc35cf61d3a07bba02a7ed", size = 17950613 },
    { url = "https://files.pythonhosted.org/packages/4c/0c/9c603826b6465e82591e05ca230dfc13376da512b25ccd0894709b054ed0/numpy-1.26.4-cp312-cp312-musllinux_1_1_aarch64.whl", hash = "sha256:ab47dbe5cc8210f55aa58e4805fe224dac469cde56b9f731a4c098b91917159a", size = 13572172 },
    { url = "https://files.pythonhosted.org/packages/76/8c/2ba3902e1a0fc1c74962ea9bb33a534bb05984ad7ff9515bf8d07527cadd/numpy-1.26.4-cp312-cp312-musllinux_1_1_x86_64.whl", hash = "sha256:1dda2e7b4ec9dd512f84935c5f126c8bd8b9f2fc001e9f54af255e8c5f16b0e0", size = 17786643 },
    { url = "https://files.pythonhosted.org/packages/28/4a/46d9e65106879492374999e76eb85f87b15328e06bd1550668f79f7b18c6/numpy-1.26.4-cp312-cp312-win32.whl", hash = "sha256:50193e430acfc1346175fcbdaa28ffec49947a06918b7b92130744e81e640110", size = 5677803 },
    { url = "https://files.pythonhosted.org/packages/16/2e/86f24451c2d530c88daf997cb8d6ac622c1d40d19f5a031ed68a4b73a374/numpy-1.26.4-cp312-cp312-win_amd64.whl", hash = "sha256:08beddf13648eb95f8d867350f6a018a4be2e5ad54c8d8caed89ebca558b2818", size = 15517754 },
]

[[package]]
name = "packaging"
version = "24.2"
source = { registry = "https://pypi.org/simple" }
sdist = { url = "https://files.pythonhosted.org/packages/d0/63/68dbb6eb2de9cb10ee4c9c14a0148804425e13c4fb20d61cce69f53106da/packaging-24.2.tar.gz", hash = "sha256:c228a6dc5e932d346bc5739379109d49e8853dd8223571c7c5b55260edc0b97f", size = 163950 }
wheels = [
    { url = "https://files.pythonhosted.org/packages/88/ef/eb23f262cca3c0c4eb7ab1933c3b1f03d021f2c48f54763065b6f0e321be/packaging-24.2-py3-none-any.whl", hash = "sha256:09abb1bccd265c01f4a3aa3f7a7db064b36514d2cba19a2f694fe6150451a759", size = 65451 },
]

[[package]]
name = "pluggy"
version = "1.5.0"
source = { registry = "https://pypi.org/simple" }
sdist = { url = "https://files.pythonhosted.org/packages/96/2d/02d4312c973c6050a18b314a5ad0b3210edb65a906f868e31c111dede4a6/pluggy-1.5.0.tar.gz", hash = "sha256:2cffa88e94fdc978c4c574f15f9e59b7f4201d439195c3715ca9e2486f1d0cf1", size = 67955 }
wheels = [
    { url = "https://files.pythonhosted.org/packages/88/5f/e351af9a41f866ac3f1fac4ca0613908d9a41741cfcf2228f4ad853b697d/pluggy-1.5.0-py3-none-any.whl", hash = "sha256:44e1ad92c8ca002de6377e165f3e0f1be63266ab4d554740532335b9d75ea669", size = 20556 },
]

[[package]]
name = "pytest"
version = "8.3.5"
source = { registry = "https://pypi.org/simple" }
dependencies = [
    { name = "colorama", marker = "sys_platform == 'win32'" },
    { name = "iniconfig" },
    { name = "packaging" },
    { name = "pluggy" },
]
sdist = { url = "https://files.pythonhosted.org/packages/ae/3c/c9d525a414d506893f0cd8a8d0de7706446213181570cdbd766691164e40/pytest-8.3.5.tar.gz", hash = "sha256:f4efe70cc14e511565ac476b57c279e12a855b11f48f212af1080ef2263d3845", size = 1450891 }
wheels = [
    { url = "https://files.pythonhosted.org/packages/30/3d/64ad57c803f1fa1e963a7946b6e0fea4a70df53c1a7fed304586539c2bac/pytest-8.3.5-py3-none-any.whl", hash = "sha256:c69214aa47deac29fad6c2a4f590b9c4a9fdb16a403176fe154b79c0b4d4d820", size = 343634 },
]

[[package]]
name = "scipy"
version = "1.15.2"
source = { registry = "https://pypi.org/simple" }
dependencies = [
    { name = "numpy" },
]
sdist = { url = "https://files.pythonhosted.org/packages/b7/b9/31ba9cd990e626574baf93fbc1ac61cf9ed54faafd04c479117517661637/scipy-1.15.2.tar.gz", hash = "sha256:cd58a314d92838f7e6f755c8a2167ead4f27e1fd5c1251fd54289569ef3495ec", size = 59417316 }
wheels = [
    { url = "https://files.pythonhosted.org/packages/4b/5d/3c78815cbab499610f26b5bae6aed33e227225a9fa5290008a733a64f6fc/scipy-1.15.2-cp312-cp312-macosx_10_13_x86_64.whl", hash = "sha256:c4697a10da8f8765bb7c83e24a470da5797e37041edfd77fd95ba3811a47c4fd", size = 38756184 },
    { url = "https://files.pythonhosted.org/packages/37/20/3d04eb066b471b6e171827548b9ddb3c21c6bbea72a4d84fc5989933910b/scipy-1.15.2-cp312-cp312-macosx_12_0_arm64.whl", hash = "sha256:869269b767d5ee7ea6991ed7e22b3ca1f22de73ab9a49c44bad338b725603301", size = 30163558 },
    { url = "https://files.pythonhosted.org/packages/a4/98/e5c964526c929ef1f795d4c343b2ff98634ad2051bd2bbadfef9e772e413/scipy-1.15.2-cp312-cp312-macosx_14_0_arm64.whl", hash = "sha256:bad78d580270a4d32470563ea86c6590b465cb98f83d760ff5b0990cb5518a93", size = 22437211 },
    { url = "https://files.pythonhosted.org/packages/1d/cd/1dc7371e29195ecbf5222f9afeedb210e0a75057d8afbd942aa6cf8c8eca/scipy-1.15.2-cp312-cp312-macosx_14_0_x86_64.whl", hash = "sha256:b09ae80010f52efddb15551025f9016c910296cf70adbf03ce2a8704f3a5ad20", size = 25232260 },
    { url = "https://files.pythonhosted.org/packages/f0/24/1a181a9e5050090e0b5138c5f496fee33293c342b788d02586bc410c6477/scipy-1.15.2-cp312-cp312-manylinux_2_17_aarch64.manylinux2014_aarch64.whl", hash = "sha256:5a6fd6eac1ce74a9f77a7fc724080d507c5812d61e72bd5e4c489b042455865e", size = 35198095 },
    { url = "https://files.pythonhosted.org/packages/c0/53/eaada1a414c026673eb983f8b4a55fe5eb172725d33d62c1b21f63ff6ca4/scipy-1.15.2-cp312-cp312-manylinux_2_17_x86_64.manylinux2014_x86_64.whl", hash = "sha256:2b871df1fe1a3ba85d90e22742b93584f8d2b8e6124f8372ab15c71b73e428b8", size = 37297371 },
    { url = "https://files.pythonhosted.org/packages/e9/06/0449b744892ed22b7e7b9a1994a866e64895363572677a316a9042af1fe5/scipy-1.15.2-cp312-cp312-musllinux_1_2_aarch64.whl", hash = "sha256:03205d57a28e18dfd39f0377d5002725bf1f19a46f444108c29bdb246b6c8a11", size = 36872390 },
    { url = "https://files.pythonhosted.org/packages/6a/6f/a8ac3cfd9505ec695c1bc35edc034d13afbd2fc1882a7c6b473e280397bb/scipy-1.15.2-cp312-cp312-musllinux_1_2_x86_64.whl", hash = "sha256:601881dfb761311045b03114c5fe718a12634e5608c3b403737ae463c9885d53", size = 39700276 },
    { url = "https://files.pythonhosted.org/packages/f5/6f/e6e5aff77ea2a48dd96808bb51d7450875af154ee7cbe72188afb0b37929/scipy-1.15.2-cp312-cp312-win_amd64.whl", hash = "sha256:e7c68b6a43259ba0aab737237876e5c2c549a031ddb7abc28c7b47f22e202ded", size = 40942317 },
    { url = "https://files.pythonhosted.org/packages/53/40/09319f6e0f276ea2754196185f95cd191cb852288440ce035d5c3a931ea2/scipy-1.15.2-cp313-cp313-macosx_10_13_x86_64.whl", hash = "sha256:01edfac9f0798ad6b46d9c4c9ca0e0ad23dbf0b1eb70e96adb9fa7f525eff0bf", size = 38717587 },
    { url = "https://files.pythonhosted.org/packages/fe/c3/2854f40ecd19585d65afaef601e5e1f8dbf6758b2f95b5ea93d38655a2c6/scipy-1.15.2-cp313-cp313-macosx_12_0_arm64.whl", hash = "sha256:08b57a9336b8e79b305a143c3655cc5bdbe6d5ece3378578888d2afbb51c4e37", size = 30100266 },
    { url = "https://files.pythonhosted.org/packages/dd/b1/f9fe6e3c828cb5930b5fe74cb479de5f3d66d682fa8adb77249acaf545b8/scipy-1.15.2-cp313-cp313-macosx_14_0_arm64.whl", hash = "sha256:54c462098484e7466362a9f1672d20888f724911a74c22ae35b61f9c5919183d", size = 22373768 },
    { url = "https://files.pythonhosted.org/packages/15/9d/a60db8c795700414c3f681908a2b911e031e024d93214f2d23c6dae174ab/scipy-1.15.2-cp313-cp313-macosx_14_0_x86_64.whl", hash = "sha256:cf72ff559a53a6a6d77bd8eefd12a17995ffa44ad86c77a5df96f533d4e6c6bb", size = 25154719 },
    { url = "https://files.pythonhosted.org/packages/37/3b/9bda92a85cd93f19f9ed90ade84aa1e51657e29988317fabdd44544f1dd4/scipy-1.15.2-cp313-cp313-manylinux_2_17_aarch64.manylinux2014_aarch64.whl", hash = "sha256:9de9d1416b3d9e7df9923ab23cd2fe714244af10b763975bea9e4f2e81cebd27", size = 35163195 },
    { url = "https://files.pythonhosted.org/packages/03/5a/fc34bf1aa14dc7c0e701691fa8685f3faec80e57d816615e3625f28feb43/scipy-1.15.2-cp313-cp313-manylinux_2_17_x86_64.manylinux2014_x86_64.whl", hash = "sha256:fb530e4794fc8ea76a4a21ccb67dea33e5e0e60f07fc38a49e821e1eae3b71a0", size = 37255404 },
    { url = "https://files.pythonhosted.org/packages/4a/71/472eac45440cee134c8a180dbe4c01b3ec247e0338b7c759e6cd71f199a7/scipy-1.15.2-cp313-cp313-musllinux_1_2_aarch64.whl", hash = "sha256:5ea7ed46d437fc52350b028b1d44e002646e28f3e8ddc714011aaf87330f2f32", size = 36860011 },
    { url = "https://files.pythonhosted.org/packages/01/b3/21f890f4f42daf20e4d3aaa18182dddb9192771cd47445aaae2e318f6738/scipy-1.15.2-cp313-cp313-musllinux_1_2_x86_64.whl", hash = "sha256:11e7ad32cf184b74380f43d3c0a706f49358b904fa7d5345f16ddf993609184d", size = 39657406 },
    { url = "https://files.pythonhosted.org/packages/0d/76/77cf2ac1f2a9cc00c073d49e1e16244e389dd88e2490c91d84e1e3e4d126/scipy-1.15.2-cp313-cp313-win_amd64.whl", hash = "sha256:a5080a79dfb9b78b768cebf3c9dcbc7b665c5875793569f48bf0e2b1d7f68f6f", size = 40961243 },
    { url = "https://files.pythonhosted.org/packages/4c/4b/a57f8ddcf48e129e6054fa9899a2a86d1fc6b07a0e15c7eebff7ca94533f/scipy-1.15.2-cp313-cp313t-macosx_10_13_x86_64.whl", hash = "sha256:447ce30cee6a9d5d1379087c9e474628dab3db4a67484be1b7dc3196bfb2fac9", size = 38870286 },
    { url = "https://files.pythonhosted.org/packages/0c/43/c304d69a56c91ad5f188c0714f6a97b9c1fed93128c691148621274a3a68/scipy-1.15.2-cp313-cp313t-macosx_12_0_arm64.whl", hash = "sha256:c90ebe8aaa4397eaefa8455a8182b164a6cc1d59ad53f79943f266d99f68687f", size = 30141634 },
    { url = "https://files.pythonhosted.org/packages/44/1a/6c21b45d2548eb73be9b9bff421aaaa7e85e22c1f9b3bc44b23485dfce0a/scipy-1.15.2-cp313-cp313t-macosx_14_0_arm64.whl", hash = "sha256:def751dd08243934c884a3221156d63e15234a3155cf25978b0a668409d45eb6", size = 22415179 },
    { url = "https://files.pythonhosted.org/packages/74/4b/aefac4bba80ef815b64f55da06f62f92be5d03b467f2ce3668071799429a/scipy-1.15.2-cp313-cp313t-macosx_14_0_x86_64.whl", hash = "sha256:302093e7dfb120e55515936cb55618ee0b895f8bcaf18ff81eca086c17bd80af", size = 25126412 },
    { url = "https://files.pythonhosted.org/packages/b1/53/1cbb148e6e8f1660aacd9f0a9dfa2b05e9ff1cb54b4386fe868477972ac2/scipy-1.15.2-cp313-cp313t-manylinux_2_17_aarch64.manylinux2014_aarch64.whl", hash = "sha256:7cd5b77413e1855351cdde594eca99c1f4a588c2d63711388b6a1f1c01f62274", size = 34952867 },
    { url = "https://files.pythonhosted.org/packages/2c/23/e0eb7f31a9c13cf2dca083828b97992dd22f8184c6ce4fec5deec0c81fcf/scipy-1.15.2-cp313-cp313t-manylinux_2_17_x86_64.manylinux2014_x86_64.whl", hash = "sha256:6d0194c37037707b2afa7a2f2a924cf7bac3dc292d51b6a925e5fcb89bc5c776", size = 36890009 },
    { url = "https://files.pythonhosted.org/packages/03/f3/e699e19cabe96bbac5189c04aaa970718f0105cff03d458dc5e2b6bd1e8c/scipy-1.15.2-cp313-cp313t-musllinux_1_2_aarch64.whl", hash = "sha256:bae43364d600fdc3ac327db99659dcb79e6e7ecd279a75fe1266669d9a652828", size = 36545159 },
    { url = "https://files.pythonhosted.org/packages/af/f5/ab3838e56fe5cc22383d6fcf2336e48c8fe33e944b9037fbf6cbdf5a11f8/scipy-1.15.2-cp313-cp313t-musllinux_1_2_x86_64.whl", hash = "sha256:f031846580d9acccd0044efd1a90e6f4df3a6e12b4b6bd694a7bc03a89892b28", size = 39136566 },
    { url = "https://files.pythonhosted.org/packages/0a/c8/b3f566db71461cabd4b2d5b39bcc24a7e1c119535c8361f81426be39bb47/scipy-1.15.2-cp313-cp313t-win_amd64.whl", hash = "sha256:fe8a9eb875d430d81755472c5ba75e84acc980e4a8f6204d402849234d3017db", size = 40477705 },
]

[[package]]
name = "wrapt"
version = "1.17.2"
source = { registry = "https://pypi.org/simple" }
sdist = { url = "https://files.pythonhosted.org/packages/c3/fc/e91cc220803d7bc4db93fb02facd8461c37364151b8494762cc88b0fbcef/wrapt-1.17.2.tar.gz", hash = "sha256:41388e9d4d1522446fe79d3213196bd9e3b301a336965b9e27ca2788ebd122f3", size = 55531 }
wheels = [
    { url = "https://files.pythonhosted.org/packages/a1/bd/ab55f849fd1f9a58ed7ea47f5559ff09741b25f00c191231f9f059c83949/wrapt-1.17.2-cp312-cp312-macosx_10_13_universal2.whl", hash = "sha256:d5e2439eecc762cd85e7bd37161d4714aa03a33c5ba884e26c81559817ca0925", size = 53799 },
    { url = "https://files.pythonhosted.org/packages/53/18/75ddc64c3f63988f5a1d7e10fb204ffe5762bc663f8023f18ecaf31a332e/wrapt-1.17.2-cp312-cp312-macosx_10_13_x86_64.whl", hash = "sha256:3fc7cb4c1c744f8c05cd5f9438a3caa6ab94ce8344e952d7c45a8ed59dd88392", size = 38821 },
    { url = "https://files.pythonhosted.org/packages/48/2a/97928387d6ed1c1ebbfd4efc4133a0633546bec8481a2dd5ec961313a1c7/wrapt-1.17.2-cp312-cp312-macosx_11_0_arm64.whl", hash = "sha256:8fdbdb757d5390f7c675e558fd3186d590973244fab0c5fe63d373ade3e99d40", size = 38919 },
    { url = "https://files.pythonhosted.org/packages/73/54/3bfe5a1febbbccb7a2f77de47b989c0b85ed3a6a41614b104204a788c20e/wrapt-1.17.2-cp312-cp312-manylinux_2_17_aarch64.manylinux2014_aarch64.whl", hash = "sha256:5bb1d0dbf99411f3d871deb6faa9aabb9d4e744d67dcaaa05399af89d847a91d", size = 88721 },
    { url = "https://files.pythonhosted.org/packages/25/cb/7262bc1b0300b4b64af50c2720ef958c2c1917525238d661c3e9a2b71b7b/wrapt-1.17.2-cp312-cp312-manylinux_2_5_i686.manylinux1_i686.manylinux_2_17_i686.manylinux2014_i686.whl", hash = "sha256:d18a4865f46b8579d44e4fe1e2bcbc6472ad83d98e22a26c963d46e4c125ef0b", size = 80899 },
    { url = "https://files.pythonhosted.org/packages/2a/5a/04cde32b07a7431d4ed0553a76fdb7a61270e78c5fd5a603e190ac389f14/wrapt-1.17.2-cp312-cp312-manylinux_2_5_x86_64.manylinux1_x86_64.manylinux_2_17_x86_64.manylinux2014_x86_64.whl", hash = "sha256:bc570b5f14a79734437cb7b0500376b6b791153314986074486e0b0fa8d71d98", size = 89222 },
    { url = "https://files.pythonhosted.org/packages/09/28/2e45a4f4771fcfb109e244d5dbe54259e970362a311b67a965555ba65026/wrapt-1.17.2-cp312-cp312-musllinux_1_2_aarch64.whl", hash = "sha256:6d9187b01bebc3875bac9b087948a2bccefe464a7d8f627cf6e48b1bbae30f82", size = 86707 },
    { url = "https://files.pythonhosted.org/packages/c6/d2/dcb56bf5f32fcd4bd9aacc77b50a539abdd5b6536872413fd3f428b21bed/wrapt-1.17.2-cp312-cp312-musllinux_1_2_i686.whl", hash = "sha256:9e8659775f1adf02eb1e6f109751268e493c73716ca5761f8acb695e52a756ae", size = 79685 },
    { url = "https://files.pythonhosted.org/packages/80/4e/eb8b353e36711347893f502ce91c770b0b0929f8f0bed2670a6856e667a9/wrapt-1.17.2-cp312-cp312-musllinux_1_2_x86_64.whl", hash = "sha256:e8b2816ebef96d83657b56306152a93909a83f23994f4b30ad4573b00bd11bb9", size = 87567 },
    { url = "https://files.pythonhosted.org/packages/17/27/4fe749a54e7fae6e7146f1c7d914d28ef599dacd4416566c055564080fe2/wrapt-1.17.2-cp312-cp312-win32.whl", hash = "sha256:468090021f391fe0056ad3e807e3d9034e0fd01adcd3bdfba977b6fdf4213ea9", size = 36672 },
    { url = "https://files.pythonhosted.org/packages/15/06/1dbf478ea45c03e78a6a8c4be4fdc3c3bddea5c8de8a93bc971415e47f0f/wrapt-1.17.2-cp312-cp312-win_amd64.whl", hash = "sha256:ec89ed91f2fa8e3f52ae53cd3cf640d6feff92ba90d62236a81e4e563ac0e991", size = 38865 },
    { url = "https://files.pythonhosted.org/packages/ce/b9/0ffd557a92f3b11d4c5d5e0c5e4ad057bd9eb8586615cdaf901409920b14/wrapt-1.17.2-cp313-cp313-macosx_10_13_universal2.whl", hash = "sha256:6ed6ffac43aecfe6d86ec5b74b06a5be33d5bb9243d055141e8cabb12aa08125", size = 53800 },
    { url = "https://files.pythonhosted.org/packages/c0/ef/8be90a0b7e73c32e550c73cfb2fa09db62234227ece47b0e80a05073b375/wrapt-1.17.2-cp313-cp313-macosx_10_13_x86_64.whl", hash = "sha256:35621ae4c00e056adb0009f8e86e28eb4a41a4bfa8f9bfa9fca7d343fe94f998", size = 38824 },
    { url = "https://files.pythonhosted.org/packages/36/89/0aae34c10fe524cce30fe5fc433210376bce94cf74d05b0d68344c8ba46e/wrapt-1.17.2-cp313-cp313-macosx_11_0_arm64.whl", hash = "sha256:a604bf7a053f8362d27eb9fefd2097f82600b856d5abe996d623babd067b1ab5", size = 38920 },
    { url = "https://files.pythonhosted.org/packages/3b/24/11c4510de906d77e0cfb5197f1b1445d4fec42c9a39ea853d482698ac681/wrapt-1.17.2-cp313-cp313-manylinux_2_17_aarch64.manylinux2014_aarch64.whl", hash = "sha256:5cbabee4f083b6b4cd282f5b817a867cf0b1028c54d445b7ec7cfe6505057cf8", size = 88690 },
    { url = "https://files.pythonhosted.org/packages/71/d7/cfcf842291267bf455b3e266c0c29dcb675b5540ee8b50ba1699abf3af45/wrapt-1.17.2-cp313-cp313-manylinux_2_5_i686.manylinux1_i686.manylinux_2_17_i686.manylinux2014_i686.whl", hash = "sha256:49703ce2ddc220df165bd2962f8e03b84c89fee2d65e1c24a7defff6f988f4d6", size = 80861 },
    { url = "https://files.pythonhosted.org/packages/d5/66/5d973e9f3e7370fd686fb47a9af3319418ed925c27d72ce16b791231576d/wrapt-1.17.2-cp313-cp313-manylinux_2_5_x86_64.manylinux1_x86_64.manylinux_2_17_x86_64.manylinux2014_x86_64.whl", hash = "sha256:8112e52c5822fc4253f3901b676c55ddf288614dc7011634e2719718eaa187dc", size = 89174 },
    { url = "https://files.pythonhosted.org/packages/a7/d3/8e17bb70f6ae25dabc1aaf990f86824e4fd98ee9cadf197054e068500d27/wrapt-1.17.2-cp313-cp313-musllinux_1_2_aarch64.whl", hash = "sha256:9fee687dce376205d9a494e9c121e27183b2a3df18037f89d69bd7b35bcf59e2", size = 86721 },
    { url = "https://files.pythonhosted.org/packages/6f/54/f170dfb278fe1c30d0ff864513cff526d624ab8de3254b20abb9cffedc24/wrapt-1.17.2-cp313-cp313-musllinux_1_2_i686.whl", hash = "sha256:18983c537e04d11cf027fbb60a1e8dfd5190e2b60cc27bc0808e653e7b218d1b", size = 79763 },
    { url = "https://files.pythonhosted.org/packages/4a/98/de07243751f1c4a9b15c76019250210dd3486ce098c3d80d5f729cba029c/wrapt-1.17.2-cp313-cp313-musllinux_1_2_x86_64.whl", hash = "sha256:703919b1633412ab54bcf920ab388735832fdcb9f9a00ae49387f0fe67dad504", size = 87585 },
    { url = "https://files.pythonhosted.org/packages/f9/f0/13925f4bd6548013038cdeb11ee2cbd4e37c30f8bfd5db9e5a2a370d6e20/wrapt-1.17.2-cp313-cp313-win32.whl", hash = "sha256:abbb9e76177c35d4e8568e58650aa6926040d6a9f6f03435b7a522bf1c487f9a", size = 36676 },
    { url = "https://files.pythonhosted.org/packages/bf/ae/743f16ef8c2e3628df3ddfd652b7d4c555d12c84b53f3d8218498f4ade9b/wrapt-1.17.2-cp313-cp313-win_amd64.whl", hash = "sha256:69606d7bb691b50a4240ce6b22ebb319c1cfb164e5f6569835058196e0f3a845", size = 38871 },
    { url = "https://files.pythonhosted.org/packages/3d/bc/30f903f891a82d402ffb5fda27ec1d621cc97cb74c16fea0b6141f1d4e87/wrapt-1.17.2-cp313-cp313t-macosx_10_13_universal2.whl", hash = "sha256:4a721d3c943dae44f8e243b380cb645a709ba5bd35d3ad27bc2ed947e9c68192", size = 56312 },
    { url = "https://files.pythonhosted.org/packages/8a/04/c97273eb491b5f1c918857cd26f314b74fc9b29224521f5b83f872253725/wrapt-1.17.2-cp313-cp313t-macosx_10_13_x86_64.whl", hash = "sha256:766d8bbefcb9e00c3ac3b000d9acc51f1b399513f44d77dfe0eb026ad7c9a19b", size = 40062 },
    { url = "https://files.pythonhosted.org/packages/4e/ca/3b7afa1eae3a9e7fefe499db9b96813f41828b9fdb016ee836c4c379dadb/wrapt-1.17.2-cp313-cp313t-macosx_11_0_arm64.whl", hash = "sha256:e496a8ce2c256da1eb98bd15803a79bee00fc351f5dfb9ea82594a3f058309e0", size = 40155 },
    { url = "https://files.pythonhosted.org/packages/89/be/7c1baed43290775cb9030c774bc53c860db140397047cc49aedaf0a15477/wrapt-1.17.2-cp313-cp313t-manylinux_2_17_aarch64.manylinux2014_aarch64.whl", hash = "sha256:40d615e4fe22f4ad3528448c193b218e077656ca9ccb22ce2cb20db730f8d306", size = 113471 },
    { url = "https://files.pythonhosted.org/packages/32/98/4ed894cf012b6d6aae5f5cc974006bdeb92f0241775addad3f8cd6ab71c8/wrapt-1.17.2-cp313-cp313t-manylinux_2_5_i686.manylinux1_i686.manylinux_2_17_i686.manylinux2014_i686.whl", hash = "sha256:a5aaeff38654462bc4b09023918b7f21790efb807f54c000a39d41d69cf552cb", size = 101208 },
    { url = "https://files.pythonhosted.org/packages/ea/fd/0c30f2301ca94e655e5e057012e83284ce8c545df7661a78d8bfca2fac7a/wrapt-1.17.2-cp313-cp313t-manylinux_2_5_x86_64.manylinux1_x86_64.manylinux_2_17_x86_64.manylinux2014_x86_64.whl", hash = "sha256:9a7d15bbd2bc99e92e39f49a04653062ee6085c0e18b3b7512a4f2fe91f2d681", size = 109339 },
    { url = "https://files.pythonhosted.org/packages/75/56/05d000de894c4cfcb84bcd6b1df6214297b8089a7bd324c21a4765e49b14/wrapt-1.17.2-cp313-cp313t-musllinux_1_2_aarch64.whl", hash = "sha256:e3890b508a23299083e065f435a492b5435eba6e304a7114d2f919d400888cc6", size = 110232 },
    { url = "https://files.pythonhosted.org/packages/53/f8/c3f6b2cf9b9277fb0813418e1503e68414cd036b3b099c823379c9575e6d/wrapt-1.17.2-cp313-cp313t-musllinux_1_2_i686.whl", hash = "sha256:8c8b293cd65ad716d13d8dd3624e42e5a19cc2a2f1acc74b30c2c13f15cb61a6", size = 100476 },
    { url = "https://files.pythonhosted.org/packages/a7/b1/0bb11e29aa5139d90b770ebbfa167267b1fc548d2302c30c8f7572851738/wrapt-1.17.2-cp313-cp313t-musllinux_1_2_x86_64.whl", hash = "sha256:4c82b8785d98cdd9fed4cac84d765d234ed3251bd6afe34cb7ac523cb93e8b4f", size = 106377 },
    { url = "https://files.pythonhosted.org/packages/6a/e1/0122853035b40b3f333bbb25f1939fc1045e21dd518f7f0922b60c156f7c/wrapt-1.17.2-cp313-cp313t-win32.whl", hash = "sha256:13e6afb7fe71fe7485a4550a8844cc9ffbe263c0f1a1eea569bc7091d4898555", size = 37986 },
    { url = "https://files.pythonhosted.org/packages/09/5e/1655cf481e079c1f22d0cabdd4e51733679932718dc23bf2db175f329b76/wrapt-1.17.2-cp313-cp313t-win_amd64.whl", hash = "sha256:eaf675418ed6b3b31c7a989fd007fa7c3be66ce14e5c3b27336383604c9da85c", size = 40750 },
    { url = "https://files.pythonhosted.org/packages/2d/82/f56956041adef78f849db6b289b282e72b55ab8045a75abad81898c28d19/wrapt-1.17.2-py3-none-any.whl", hash = "sha256:b18f2d1533a71f069c7f82d524a52599053d4c7166e9dd374ae2136b7f40f7c8", size = 23594 },
]
